
Microsoft Visual Studio Solution File, Format Version 12.00
# Visual Studio Version 17
VisualStudioVersion = 17.13.35617.110
MinimumVisualStudioVersion = 10.0.40219.1
Project("{2150E333-8FDC-42A3-9474-1A3956D46DE8}") = "src", "src", "{02EA681E-C7D8-13C7-8484-4AC65E1B71E8}"
EndProject
Project("{FAE04EC0-301F-11D3-BF4B-00C04F79EFBC}") = "VirtualClassApp.Domain", "src\VirtualClassApp.Domain\VirtualClassApp.Domain.csproj", "{CE7AF73A-A1C0-6C12-6760-743AA40A602F}"
EndProject
Project("{FAE04EC0-301F-11D3-BF4B-00C04F79EFBC}") = "VirtualClassApp.Application", "src\VirtualClassApp.Application\VirtualClassApp.Application.csproj", "{F6C39A32-73A6-4D36-B5AA-2F5F018CD471}"
EndProject
Project("{FAE04EC0-301F-11D3-BF4B-00C04F79EFBC}") = "VirtualClassApp.Persistence", "src\VirtualClassApp.Persistence\VirtualClassApp.Persistence.csproj", "{2EBCAC33-647F-4C37-A501-35377FACACD1}"
EndProject
Project("{FAE04EC0-301F-11D3-BF4B-00C04F79EFBC}") = "VirtualClassApp.WebAPI", "src\VirtualClassApp.WebAPI\VirtualClassApp.WebAPI.csproj", "{C8A0F0EE-E3FE-DA84-3587-F3A353FD0731}"
EndProject
Global
	GlobalSection(SolutionConfigurationPlatforms) = preSolution
		Debug|Any CPU = Debug|Any CPU
		Release|Any CPU = Release|Any CPU
	EndGlobalSection
	GlobalSection(ProjectConfigurationPlatforms) = postSolution
		{CE7AF73A-A1C0-6C12-6760-743AA40A602F}.Debug|Any CPU.ActiveCfg = Debug|Any CPU
		{CE7AF73A-A1C0-6C12-6760-743AA40A602F}.Debug|Any CPU.Build.0 = Debug|Any CPU
		{CE7AF73A-A1C0-6C12-6760-743AA40A602F}.Release|Any CPU.ActiveCfg = Release|Any CPU
		{CE7AF73A-A1C0-6C12-6760-743AA40A602F}.Release|Any CPU.Build.0 = Release|Any CPU
		{F6C39A32-73A6-4D36-B5AA-2F5F018CD471}.Debug|Any CPU.ActiveCfg = Debug|Any CPU
		{F6C39A32-73A6-4D36-B5AA-2F5F018CD471}.Debug|Any CPU.Build.0 = Debug|Any CPU
		{F6C39A32-73A6-4D36-B5AA-2F5F018CD471}.Release|Any CPU.ActiveCfg = Release|Any CPU
		{F6C39A32-73A6-4D36-B5AA-2F5F018CD471}.Release|Any CPU.Build.0 = Release|Any CPU
		{2EBCAC33-647F-4C37-A501-35377FACACD1}.Debug|Any CPU.ActiveCfg = Debug|Any CPU
		{2EBCAC33-647F-4C37-A501-35377FACACD1}.Debug|Any CPU.Build.0 = Debug|Any CPU
		{2EBCAC33-647F-4C37-A501-35377FACACD1}.Release|Any CPU.ActiveCfg = Release|Any CPU
		{2EBCAC33-647F-4C37-A501-35377FACACD1}.Release|Any CPU.Build.0 = Release|Any CPU
		{C8A0F0EE-E3FE-DA84-3587-F3A353FD0731}.Debug|Any CPU.ActiveCfg = Debug|Any CPU
		{C8A0F0EE-E3FE-DA84-3587-F3A353FD0731}.Debug|Any CPU.Build.0 = Debug|Any CPU
		{C8A0F0EE-E3FE-DA84-3587-F3A353FD0731}.Release|Any CPU.ActiveCfg = Release|Any CPU
		{C8A0F0EE-E3FE-DA84-3587-F3A353FD0731}.Release|Any CPU.Build.0 = Release|Any CPU
	EndGlobalSection
	GlobalSection(SolutionProperties) = preSolution
		HideSolutionNode = FALSE
	EndGlobalSection
	GlobalSection(NestedProjects) = preSolution
		{CE7AF73A-A1C0-6C12-6760-743AA40A602F} = {02EA681E-C7D8-13C7-8484-4AC65E1B71E8}
		{F6C39A32-73A6-4D36-B5AA-2F5F018CD471} = {02EA681E-C7D8-13C7-8484-4AC65E1B71E8}
		{2EBCAC33-647F-4C37-A501-35377FACACD1} = {02EA681E-C7D8-13C7-8484-4AC65E1B71E8}
		{C8A0F0EE-E3FE-DA84-3587-F3A353FD0731} = {02EA681E-C7D8-13C7-8484-4AC65E1B71E8}
	EndGlobalSection
	GlobalSection(ExtensibilityGlobals) = postSolution
		SolutionGuid = {29ABCB6A-B1F7-41BA-A681-255311C846D0}
	EndGlobalSection
EndGlobal
